
Microsoft Visual Studio Solution File, Format Version 12.00
# Visual Studio Version 17
VisualStudioVersion = 17.0.31912.275
MinimumVisualStudioVersion = 10.0.40219.1
Project("{FAE04EC0-301F-11D3-BF4B-00C04F79EFBC}") = "Algorithm_TR_BTK_ACAdemic", "Algorithm_TR_BTK_ACAdemic.csproj", "{DA62488C-1E98-4D29-BE59-2FC713572690}"
EndProject
Global
	GlobalSection(SolutionConfigurationPlatforms) = preSolution
		Debug|Any CPU = Debug|Any CPU
		Release|Any CPU = Release|Any CPU
	EndGlobalSection
	GlobalSection(ProjectConfigurationPlatforms) = postSolution
		{DA62488C-1E98-4D29-BE59-2FC713572690}.Debug|Any CPU.ActiveCfg = Debug|Any CPU
		{DA62488C-1E98-4D29-BE59-2FC713572690}.Debug|Any CPU.Build.0 = Debug|Any CPU
		{DA62488C-1E98-4D29-BE59-2FC713572690}.Release|Any CPU.ActiveCfg = Release|Any CPU
		{DA62488C-1E98-4D29-BE59-2FC713572690}.Release|Any CPU.Build.0 = Release|Any CPU
	EndGlobalSection
	GlobalSection(SolutionProperties) = preSolution
		HideSolutionNode = FALSE
	EndGlobalSection
	GlobalSection(ExtensibilityGlobals) = postSolution
		SolutionGuid = {B961BB35-E0B7-45E5-A034-3952E1332FA8}
	EndGlobalSection
EndGlobal
